
Microsoft Visual Studio Solution File, Format Version 12.00
# Visual Studio Version 17
VisualStudioVersion = 17.3.32825.248
MinimumVisualStudioVersion = 10.0.40219.1
Project("{9A19103F-16F7-4668-BE54-9A1E7A4F7556}") = "WebApiGatos", "WebApiAlumnos\WebApiGatos.csproj", "{E84E61A3-ECF6-4009-9FEF-446C2F20620D}"
EndProject
Global
	GlobalSection(SolutionConfigurationPlatforms) = preSolution
		Debug|Any CPU = Debug|Any CPU
		Release|Any CPU = Release|Any CPU
	EndGlobalSection
	GlobalSection(ProjectConfigurationPlatforms) = postSolution
		{E84E61A3-ECF6-4009-9FEF-446C2F20620D}.Debug|Any CPU.ActiveCfg = Debug|Any CPU
		{E84E61A3-ECF6-4009-9FEF-446C2F20620D}.Debug|Any CPU.Build.0 = Debug|Any CPU
		{E84E61A3-ECF6-4009-9FEF-446C2F20620D}.Release|Any CPU.ActiveCfg = Release|Any CPU
		{E84E61A3-ECF6-4009-9FEF-446C2F20620D}.Release|Any CPU.Build.0 = Release|Any CPU
	EndGlobalSection
	GlobalSection(SolutionProperties) = preSolution
		HideSolutionNode = FALSE
	EndGlobalSection
	GlobalSection(ExtensibilityGlobals) = postSolution
		SolutionGuid = {D27C1114-A56F-4213-90A9-CE7B2AE5BFCC}
	EndGlobalSection
EndGlobal
